/data/data2/homes/tmathieu/RNAseqAnalysis/summaryResults/merged_transcript_count.csv
/data/data2/homes/tmathieu/RNAseqAnalysis/summaryResults/merged_gene_count.csv
/data/data2/homes/tmathieu/RNAseqAnalysis/gtfMerge/Col0_AWF_NT_R4/Col0_AWF_NT_R4_ST_MERGE.gtf
/data/data2/homes/tmathieu/RNAseqAnalysis/gtfMerge/Col0_AWF_NT_R4/Col0_AWF_NT_R4_ST_MERGE.gtf
/data/data2/homes/tmathieu/RNAseqAnalysis/gtfMerge/Col0_AWF_NT_R5/Col0_AWF_NT_R5_ST_MERGE.gtf
/data/data2/homes/tmathieu/RNAseqAnalysis/gtfMerge/Col0_AWF_NT_R5/Col0_AWF_NT_R5_ST_MERGE.gtf
/data/data2/homes/tmathieu/RNAseqAnalysis/gtfMerge/Col0_AWF_NT_R6/Col0_AWF_NT_R6_ST_MERGE.gtf
/data/data2/homes/tmathieu/RNAseqAnalysis/gtfMerge/Col0_AWF_NT_R6/Col0_AWF_NT_R6_ST_MERGE.gtf
/data/data2/homes/tmathieu/RNAseqAnalysis/gtfMerge/Col0_CL_R1/Col0_CL_R1_ST_MERGE.gtf
/data/data2/homes/tmathieu/RNAseqAnalysis/gtfMerge/Col0_CL_R1/Col0_CL_R1_ST_MERGE.gtf
/data/data2/homes/tmathieu/RNAseqAnalysis/gtfMerge/Col0_CL_R2/Col0_CL_R2_ST_MERGE.gtf
/data/data2/homes/tmathieu/RNAseqAnalysis/gtfMerge/Col0_CL_R2/Col0_CL_R2_ST_MERGE.gtf
/data/data2/homes/tmathieu/RNAseqAnalysis/gtfMerge/Col0_CL_R3/Col0_CL_R3_ST_MERGE.gtf
/data/data2/homes/tmathieu/RNAseqAnalysis/gtfMerge/Col0_CL_R3/Col0_CL_R3_ST_MERGE.gtf
/data/data2/homes/tmathieu/RNAseqAnalysis/gtfMerge/Col0_CL_ribo_R1/Col0_CL_ribo_R1_ST_MERGE.gtf
/data/data2/homes/tmathieu/RNAseqAnalysis/gtfMerge/Col0_CL_ribo_R1/Col0_CL_ribo_R1_ST_MERGE.gtf
/data/data2/homes/tmathieu/RNAseqAnalysis/gtfMerge/Col0_CL_ribo_R2/Col0_CL_ribo_R2_ST_MERGE.gtf
/data/data2/homes/tmathieu/RNAseqAnalysis/gtfMerge/Col0_CL_ribo_R2/Col0_CL_ribo_R2_ST_MERGE.gtf
/data/data2/homes/tmathieu/RNAseqAnalysis/gtfMerge/Col0_CL_ribo_R3/Col0_CL_ribo_R3_ST_MERGE.gtf
/data/data2/homes/tmathieu/RNAseqAnalysis/gtfMerge/Col0_CL_ribo_R3/Col0_CL_ribo_R3_ST_MERGE.gtf
/data/data2/homes/tmathieu/RNAseqAnalysis/gtfMerge/Col0_LSW_R1/Col0_LSW_R1_ST_MERGE.gtf
/data/data2/homes/tmathieu/RNAseqAnalysis/gtfMerge/Col0_LSW_R1/Col0_LSW_R1_ST_MERGE.gtf
/data/data2/homes/tmathieu/RNAseqAnalysis/gtfMerge/Col0_LSW_R2/Col0_LSW_R2_ST_MERGE.gtf
/data/data2/homes/tmathieu/RNAseqAnalysis/gtfMerge/Col0_LSW_R2/Col0_LSW_R2_ST_MERGE.gtf
/data/data2/homes/tmathieu/RNAseqAnalysis/gtfMerge/Col0_LSW_R3/Col0_LSW_R3_ST_MERGE.gtf
/data/data2/homes/tmathieu/RNAseqAnalysis/gtfMerge/Col0_LSW_R3/Col0_LSW_R3_ST_MERGE.gtf
/data/data2/homes/tmathieu/RNAseqAnalysis/summaryResults/merged_ST_1.gtf
/data/data2/homes/tmathieu/RNAseqAnalysis/bam/Col0_AWF_NT_R4.bam
/data/data2/homes/tmathieu/RNAseqAnalysis/gtf/Col0_AWF_NT_R4/Col0_AWF_NT_R4_ST.gtf
/data/data2/homes/tmathieu/RNAseqAnalysis/gtf/Col0_AWF_NT_R4/Col0_AWF_NT_R4_ST.gtf
/data/data2/homes/tmathieu/RNAseqAnalysis/gtf/Col0_AWF_NT_R5/Col0_AWF_NT_R5_ST.gtf
/data/data2/homes/tmathieu/RNAseqAnalysis/gtf/Col0_AWF_NT_R5/Col0_AWF_NT_R5_ST.gtf
/data/data2/homes/tmathieu/RNAseqAnalysis/gtf/Col0_AWF_NT_R6/Col0_AWF_NT_R6_ST.gtf
/data/data2/homes/tmathieu/RNAseqAnalysis/gtf/Col0_AWF_NT_R6/Col0_AWF_NT_R6_ST.gtf
/data/data2/homes/tmathieu/RNAseqAnalysis/gtf/Col0_CL_R1/Col0_CL_R1_ST.gtf
/data/data2/homes/tmathieu/RNAseqAnalysis/gtf/Col0_CL_R1/Col0_CL_R1_ST.gtf
/data/data2/homes/tmathieu/RNAseqAnalysis/gtf/Col0_CL_R2/Col0_CL_R2_ST.gtf
/data/data2/homes/tmathieu/RNAseqAnalysis/gtf/Col0_CL_R2/Col0_CL_R2_ST.gtf
/data/data2/homes/tmathieu/RNAseqAnalysis/gtf/Col0_CL_R3/Col0_CL_R3_ST.gtf
/data/data2/homes/tmathieu/RNAseqAnalysis/gtf/Col0_CL_R3/Col0_CL_R3_ST.gtf
/data/data2/homes/tmathieu/RNAseqAnalysis/gtf/Col0_CL_ribo_R1/Col0_CL_ribo_R1_ST.gtf
/data/data2/homes/tmathieu/RNAseqAnalysis/gtf/Col0_CL_ribo_R1/Col0_CL_ribo_R1_ST.gtf
/data/data2/homes/tmathieu/RNAseqAnalysis/gtf/Col0_CL_ribo_R2/Col0_CL_ribo_R2_ST.gtf
/data/data2/homes/tmathieu/RNAseqAnalysis/gtf/Col0_CL_ribo_R2/Col0_CL_ribo_R2_ST.gtf
/data/data2/homes/tmathieu/RNAseqAnalysis/gtf/Col0_CL_ribo_R3/Col0_CL_ribo_R3_ST.gtf
/data/data2/homes/tmathieu/RNAseqAnalysis/gtf/Col0_CL_ribo_R3/Col0_CL_ribo_R3_ST.gtf
/data/data2/homes/tmathieu/RNAseqAnalysis/gtf/Col0_LSW_R1/Col0_LSW_R1_ST.gtf
/data/data2/homes/tmathieu/RNAseqAnalysis/gtf/Col0_LSW_R1/Col0_LSW_R1_ST.gtf
/data/data2/homes/tmathieu/RNAseqAnalysis/gtf/Col0_LSW_R2/Col0_LSW_R2_ST.gtf
/data/data2/homes/tmathieu/RNAseqAnalysis/gtf/Col0_LSW_R2/Col0_LSW_R2_ST.gtf
/data/data2/homes/tmathieu/RNAseqAnalysis/gtf/Col0_LSW_R3/Col0_LSW_R3_ST.gtf
/data/data2/homes/tmathieu/RNAseqAnalysis/gtf/Col0_LSW_R3/Col0_LSW_R3_ST.gtf
/data/data2/homes/tmathieu/RNAseqAnalysis/bam/Col0_AWF_NT_R4.bam
/data/data2/homes/tmathieu/RNAseqAnalysis/Col0_AWF_NT_R4.unsorted.bam
/data/data2/homes/tmathieu/RNAseqAnalysis/sam/Col0_AWF_NT_R4.sam
/home/tmathieu/RNAseqAnalysis/input/Ath_genome.1.ht2
/home/tmathieu/RNAseqAnalysis/input/Ath_genome.2.ht2
/home/tmathieu/RNAseqAnalysis/input/Ath_genome.3.ht2
/home/tmathieu/RNAseqAnalysis/input/Ath_genome.4.ht2
/home/tmathieu/RNAseqAnalysis/input/Ath_genome.5.ht2
/home/tmathieu/RNAseqAnalysis/input/Ath_genome.6.ht2
/home/tmathieu/RNAseqAnalysis/input/Ath_genome.7.ht2
/home/tmathieu/RNAseqAnalysis/input/Ath_genome.8.ht2
/home/tmathieu/RNAseqAnalysis/fastq/Col0_AWF_NT_R4_R1.fq
/home/tmathieu/RNAseqAnalysis/fastq/Col0_AWF_NT_R4_R2.fq
/home/tmathieu/RNAseqAnalysis/input/Ath_genome.fa
/data/data2/homes/tmathieu/RNAseqAnalysis/bam/Col0_AWF_NT_R5.bam
/data/data2/homes/tmathieu/RNAseqAnalysis/Col0_AWF_NT_R5.unsorted.bam
/data/data2/homes/tmathieu/RNAseqAnalysis/sam/Col0_AWF_NT_R5.sam
/home/tmathieu/RNAseqAnalysis/input/Ath_genome.1.ht2
/home/tmathieu/RNAseqAnalysis/input/Ath_genome.2.ht2
/home/tmathieu/RNAseqAnalysis/input/Ath_genome.3.ht2
/home/tmathieu/RNAseqAnalysis/input/Ath_genome.4.ht2
/home/tmathieu/RNAseqAnalysis/input/Ath_genome.5.ht2
/home/tmathieu/RNAseqAnalysis/input/Ath_genome.6.ht2
/home/tmathieu/RNAseqAnalysis/input/Ath_genome.7.ht2
/home/tmathieu/RNAseqAnalysis/input/Ath_genome.8.ht2
/home/tmathieu/RNAseqAnalysis/fastq/Col0_AWF_NT_R5_R1.fq
/home/tmathieu/RNAseqAnalysis/fastq/Col0_AWF_NT_R5_R2.fq
/data/data2/homes/tmathieu/RNAseqAnalysis/bam/Col0_AWF_NT_R6.bam
/data/data2/homes/tmathieu/RNAseqAnalysis/Col0_AWF_NT_R6.unsorted.bam
/data/data2/homes/tmathieu/RNAseqAnalysis/sam/Col0_AWF_NT_R6.sam
/home/tmathieu/RNAseqAnalysis/input/Ath_genome.1.ht2
/home/tmathieu/RNAseqAnalysis/input/Ath_genome.2.ht2
/home/tmathieu/RNAseqAnalysis/input/Ath_genome.3.ht2
/home/tmathieu/RNAseqAnalysis/input/Ath_genome.4.ht2
/home/tmathieu/RNAseqAnalysis/input/Ath_genome.5.ht2
/home/tmathieu/RNAseqAnalysis/input/Ath_genome.6.ht2
/home/tmathieu/RNAseqAnalysis/input/Ath_genome.7.ht2
/home/tmathieu/RNAseqAnalysis/input/Ath_genome.8.ht2
/home/tmathieu/RNAseqAnalysis/fastq/Col0_AWF_NT_R6_R1.fq
/home/tmathieu/RNAseqAnalysis/fastq/Col0_AWF_NT_R6_R2.fq
/data/data2/homes/tmathieu/RNAseqAnalysis/bam/Col0_CL_R1.bam
/data/data2/homes/tmathieu/RNAseqAnalysis/Col0_CL_R1.unsorted.bam
/data/data2/homes/tmathieu/RNAseqAnalysis/sam/Col0_CL_R1.sam
/home/tmathieu/RNAseqAnalysis/input/Ath_genome.1.ht2
/home/tmathieu/RNAseqAnalysis/input/Ath_genome.2.ht2
/home/tmathieu/RNAseqAnalysis/input/Ath_genome.3.ht2
/home/tmathieu/RNAseqAnalysis/input/Ath_genome.4.ht2
/home/tmathieu/RNAseqAnalysis/input/Ath_genome.5.ht2
/home/tmathieu/RNAseqAnalysis/input/Ath_genome.6.ht2
/home/tmathieu/RNAseqAnalysis/input/Ath_genome.7.ht2
/home/tmathieu/RNAseqAnalysis/input/Ath_genome.8.ht2
/home/tmathieu/RNAseqAnalysis/fastq/Col0_CL_R1_R1.fq
/home/tmathieu/RNAseqAnalysis/fastq/Col0_CL_R1_R2.fq
/data/data2/homes/tmathieu/RNAseqAnalysis/bam/Col0_CL_R2.bam
/data/data2/homes/tmathieu/RNAseqAnalysis/Col0_CL_R2.unsorted.bam
/data/data2/homes/tmathieu/RNAseqAnalysis/sam/Col0_CL_R2.sam
/home/tmathieu/RNAseqAnalysis/input/Ath_genome.1.ht2
/home/tmathieu/RNAseqAnalysis/input/Ath_genome.2.ht2
/home/tmathieu/RNAseqAnalysis/input/Ath_genome.3.ht2
/home/tmathieu/RNAseqAnalysis/input/Ath_genome.4.ht2
/home/tmathieu/RNAseqAnalysis/input/Ath_genome.5.ht2
/home/tmathieu/RNAseqAnalysis/input/Ath_genome.6.ht2
/home/tmathieu/RNAseqAnalysis/input/Ath_genome.7.ht2
/home/tmathieu/RNAseqAnalysis/input/Ath_genome.8.ht2
/home/tmathieu/RNAseqAnalysis/fastq/Col0_CL_R2_R1.fq
/home/tmathieu/RNAseqAnalysis/fastq/Col0_CL_R2_R2.fq
/data/data2/homes/tmathieu/RNAseqAnalysis/bam/Col0_CL_R3.bam
/data/data2/homes/tmathieu/RNAseqAnalysis/Col0_CL_R3.unsorted.bam
/data/data2/homes/tmathieu/RNAseqAnalysis/sam/Col0_CL_R3.sam
/home/tmathieu/RNAseqAnalysis/input/Ath_genome.1.ht2
/home/tmathieu/RNAseqAnalysis/input/Ath_genome.2.ht2
/home/tmathieu/RNAseqAnalysis/input/Ath_genome.3.ht2
/home/tmathieu/RNAseqAnalysis/input/Ath_genome.4.ht2
/home/tmathieu/RNAseqAnalysis/input/Ath_genome.5.ht2
/home/tmathieu/RNAseqAnalysis/input/Ath_genome.6.ht2
/home/tmathieu/RNAseqAnalysis/input/Ath_genome.7.ht2
/home/tmathieu/RNAseqAnalysis/input/Ath_genome.8.ht2
/home/tmathieu/RNAseqAnalysis/fastq/Col0_CL_R3_R1.fq
/home/tmathieu/RNAseqAnalysis/fastq/Col0_CL_R3_R2.fq
/data/data2/homes/tmathieu/RNAseqAnalysis/bam/Col0_CL_ribo_R1.bam
/data/data2/homes/tmathieu/RNAseqAnalysis/Col0_CL_ribo_R1.unsorted.bam
/data/data2/homes/tmathieu/RNAseqAnalysis/sam/Col0_CL_ribo_R1.sam
/home/tmathieu/RNAseqAnalysis/input/Ath_genome.1.ht2
/home/tmathieu/RNAseqAnalysis/input/Ath_genome.2.ht2
/home/tmathieu/RNAseqAnalysis/input/Ath_genome.3.ht2
/home/tmathieu/RNAseqAnalysis/input/Ath_genome.4.ht2
/home/tmathieu/RNAseqAnalysis/input/Ath_genome.5.ht2
/home/tmathieu/RNAseqAnalysis/input/Ath_genome.6.ht2
/home/tmathieu/RNAseqAnalysis/input/Ath_genome.7.ht2
/home/tmathieu/RNAseqAnalysis/input/Ath_genome.8.ht2
/home/tmathieu/RNAseqAnalysis/fastq/Col0_CL_ribo_R1_R1.fq
/home/tmathieu/RNAseqAnalysis/fastq/Col0_CL_ribo_R1_R2.fq
/data/data2/homes/tmathieu/RNAseqAnalysis/bam/Col0_CL_ribo_R2.bam
/data/data2/homes/tmathieu/RNAseqAnalysis/Col0_CL_ribo_R2.unsorted.bam
/data/data2/homes/tmathieu/RNAseqAnalysis/sam/Col0_CL_ribo_R2.sam
/home/tmathieu/RNAseqAnalysis/input/Ath_genome.1.ht2
/home/tmathieu/RNAseqAnalysis/input/Ath_genome.2.ht2
/home/tmathieu/RNAseqAnalysis/input/Ath_genome.3.ht2
/home/tmathieu/RNAseqAnalysis/input/Ath_genome.4.ht2
/home/tmathieu/RNAseqAnalysis/input/Ath_genome.5.ht2
/home/tmathieu/RNAseqAnalysis/input/Ath_genome.6.ht2
/home/tmathieu/RNAseqAnalysis/input/Ath_genome.7.ht2
/home/tmathieu/RNAseqAnalysis/input/Ath_genome.8.ht2
/home/tmathieu/RNAseqAnalysis/fastq/Col0_CL_ribo_R2_R1.fq
/home/tmathieu/RNAseqAnalysis/fastq/Col0_CL_ribo_R2_R2.fq
/data/data2/homes/tmathieu/RNAseqAnalysis/bam/Col0_CL_ribo_R3.bam
/data/data2/homes/tmathieu/RNAseqAnalysis/Col0_CL_ribo_R3.unsorted.bam
/data/data2/homes/tmathieu/RNAseqAnalysis/sam/Col0_CL_ribo_R3.sam
/home/tmathieu/RNAseqAnalysis/input/Ath_genome.1.ht2
/home/tmathieu/RNAseqAnalysis/input/Ath_genome.2.ht2
/home/tmathieu/RNAseqAnalysis/input/Ath_genome.3.ht2
/home/tmathieu/RNAseqAnalysis/input/Ath_genome.4.ht2
/home/tmathieu/RNAseqAnalysis/input/Ath_genome.5.ht2
/home/tmathieu/RNAseqAnalysis/input/Ath_genome.6.ht2
/home/tmathieu/RNAseqAnalysis/input/Ath_genome.7.ht2
/home/tmathieu/RNAseqAnalysis/input/Ath_genome.8.ht2
/home/tmathieu/RNAseqAnalysis/fastq/Col0_CL_ribo_R3_R1.fq
/home/tmathieu/RNAseqAnalysis/fastq/Col0_CL_ribo_R3_R2.fq
/data/data2/homes/tmathieu/RNAseqAnalysis/bam/Col0_LSW_R1.bam
/data/data2/homes/tmathieu/RNAseqAnalysis/Col0_LSW_R1.unsorted.bam
/data/data2/homes/tmathieu/RNAseqAnalysis/sam/Col0_LSW_R1.sam
/home/tmathieu/RNAseqAnalysis/input/Ath_genome.1.ht2
/home/tmathieu/RNAseqAnalysis/input/Ath_genome.2.ht2
/home/tmathieu/RNAseqAnalysis/input/Ath_genome.3.ht2
/home/tmathieu/RNAseqAnalysis/input/Ath_genome.4.ht2
/home/tmathieu/RNAseqAnalysis/input/Ath_genome.5.ht2
/home/tmathieu/RNAseqAnalysis/input/Ath_genome.6.ht2
/home/tmathieu/RNAseqAnalysis/input/Ath_genome.7.ht2
/home/tmathieu/RNAseqAnalysis/input/Ath_genome.8.ht2
/home/tmathieu/RNAseqAnalysis/fastq/Col0_LSW_R1_R1.fq
/home/tmathieu/RNAseqAnalysis/fastq/Col0_LSW_R1_R2.fq
/data/data2/homes/tmathieu/RNAseqAnalysis/bam/Col0_LSW_R2.bam
/data/data2/homes/tmathieu/RNAseqAnalysis/Col0_LSW_R2.unsorted.bam
/data/data2/homes/tmathieu/RNAseqAnalysis/sam/Col0_LSW_R2.sam
/home/tmathieu/RNAseqAnalysis/input/Ath_genome.1.ht2
/home/tmathieu/RNAseqAnalysis/input/Ath_genome.2.ht2
/home/tmathieu/RNAseqAnalysis/input/Ath_genome.3.ht2
/home/tmathieu/RNAseqAnalysis/input/Ath_genome.4.ht2
/home/tmathieu/RNAseqAnalysis/input/Ath_genome.5.ht2
/home/tmathieu/RNAseqAnalysis/input/Ath_genome.6.ht2
/home/tmathieu/RNAseqAnalysis/input/Ath_genome.7.ht2
/home/tmathieu/RNAseqAnalysis/input/Ath_genome.8.ht2
/home/tmathieu/RNAseqAnalysis/fastq/Col0_LSW_R2_R1.fq
/home/tmathieu/RNAseqAnalysis/fastq/Col0_LSW_R2_R2.fq
/data/data2/homes/tmathieu/RNAseqAnalysis/bam/Col0_LSW_R3.bam
/data/data2/homes/tmathieu/RNAseqAnalysis/Col0_LSW_R3.unsorted.bam
/data/data2/homes/tmathieu/RNAseqAnalysis/sam/Col0_LSW_R3.sam
/home/tmathieu/RNAseqAnalysis/input/Ath_genome.1.ht2
/home/tmathieu/RNAseqAnalysis/input/Ath_genome.2.ht2
/home/tmathieu/RNAseqAnalysis/input/Ath_genome.3.ht2
/home/tmathieu/RNAseqAnalysis/input/Ath_genome.4.ht2
/home/tmathieu/RNAseqAnalysis/input/Ath_genome.5.ht2
/home/tmathieu/RNAseqAnalysis/input/Ath_genome.6.ht2
/home/tmathieu/RNAseqAnalysis/input/Ath_genome.7.ht2
/home/tmathieu/RNAseqAnalysis/input/Ath_genome.8.ht2
/home/tmathieu/RNAseqAnalysis/fastq/Col0_LSW_R3_R1.fq
/home/tmathieu/RNAseqAnalysis/fastq/Col0_LSW_R3_R2.fq
/data/data2/homes/tmathieu/RNAseqAnalysis/summaryResults/merged_ST_1.gtf
/data/data2/homes/tmathieu/RNAseqAnalysis/bam/Col0_AWF_NT_R5.bam
/data/data2/homes/tmathieu/RNAseqAnalysis/summaryResults/merged_ST_1.gtf
/data/data2/homes/tmathieu/RNAseqAnalysis/bam/Col0_AWF_NT_R6.bam
/data/data2/homes/tmathieu/RNAseqAnalysis/summaryResults/merged_ST_1.gtf
/data/data2/homes/tmathieu/RNAseqAnalysis/bam/Col0_CL_R1.bam
/data/data2/homes/tmathieu/RNAseqAnalysis/summaryResults/merged_ST_1.gtf
/data/data2/homes/tmathieu/RNAseqAnalysis/bam/Col0_CL_R2.bam
/data/data2/homes/tmathieu/RNAseqAnalysis/summaryResults/merged_ST_1.gtf
/data/data2/homes/tmathieu/RNAseqAnalysis/bam/Col0_CL_R3.bam
/data/data2/homes/tmathieu/RNAseqAnalysis/summaryResults/merged_ST_1.gtf
/data/data2/homes/tmathieu/RNAseqAnalysis/bam/Col0_CL_ribo_R1.bam
/data/data2/homes/tmathieu/RNAseqAnalysis/summaryResults/merged_ST_1.gtf
/data/data2/homes/tmathieu/RNAseqAnalysis/bam/Col0_CL_ribo_R2.bam
/data/data2/homes/tmathieu/RNAseqAnalysis/summaryResults/merged_ST_1.gtf
/data/data2/homes/tmathieu/RNAseqAnalysis/bam/Col0_CL_ribo_R3.bam
/data/data2/homes/tmathieu/RNAseqAnalysis/summaryResults/merged_ST_1.gtf
/data/data2/homes/tmathieu/RNAseqAnalysis/bam/Col0_LSW_R1.bam
/data/data2/homes/tmathieu/RNAseqAnalysis/summaryResults/merged_ST_1.gtf
/data/data2/homes/tmathieu/RNAseqAnalysis/bam/Col0_LSW_R2.bam
/data/data2/homes/tmathieu/RNAseqAnalysis/summaryResults/merged_ST_1.gtf
/data/data2/homes/tmathieu/RNAseqAnalysis/bam/Col0_LSW_R3.bam
